
Microsoft Visual Studio Solution File, Format Version 12.00
# Visual Studio Version 17
VisualStudioVersion = 17.4.33103.184
MinimumVisualStudioVersion = 10.0.40219.1
Project("{9A19103F-16F7-4668-BE54-9A1E7A4F7556}") = "EShopAPI", "EShopAPI\EShopAPI.csproj", "{38E309C5-BA0D-42C1-A6BA-E4A082AF94C9}"
EndProject
Project("{9A19103F-16F7-4668-BE54-9A1E7A4F7556}") = "DataModels", "DataModels\DataModels.csproj", "{56A8C17D-E84B-42B0-B7B2-C214FE12C0C4}"
EndProject
Project("{9A19103F-16F7-4668-BE54-9A1E7A4F7556}") = "Repositories", "Repositories\Repositories.csproj", "{C35827CD-AF72-4B9C-A9CE-79EB9D14CD83}"
EndProject
Project("{9A19103F-16F7-4668-BE54-9A1E7A4F7556}") = "ModelsMapper", "ModelsMapper\ModelsMapper.csproj", "{288ED5B9-F2A4-4D10-80E1-C75EB5E60B95}"
EndProject
Project("{9A19103F-16F7-4668-BE54-9A1E7A4F7556}") = "Context", "DbContext\Context.csproj", "{FC40B275-CCB9-4FAF-A937-36C6114C3EA4}"
EndProject
Project("{2150E333-8FDC-42A3-9474-1A3956D46DE8}") = "Solution Items", "Solution Items", "{68495F20-730F-4AFB-BB9E-2950E654494B}"
	ProjectSection(SolutionItems) = preProject
		.editorconfig = .editorconfig
	EndProjectSection
EndProject
Project("{9A19103F-16F7-4668-BE54-9A1E7A4F7556}") = "Enums", "Enums\Enums.csproj", "{20213EA4-A310-4818-BDCA-C0E0C06B10E2}"
EndProject
Global
	GlobalSection(SolutionConfigurationPlatforms) = preSolution
		Debug|Any CPU = Debug|Any CPU
		Release|Any CPU = Release|Any CPU
	EndGlobalSection
	GlobalSection(ProjectConfigurationPlatforms) = postSolution
		{38E309C5-BA0D-42C1-A6BA-E4A082AF94C9}.Debug|Any CPU.ActiveCfg = Debug|Any CPU
		{38E309C5-BA0D-42C1-A6BA-E4A082AF94C9}.Debug|Any CPU.Build.0 = Debug|Any CPU
		{38E309C5-BA0D-42C1-A6BA-E4A082AF94C9}.Release|Any CPU.ActiveCfg = Release|Any CPU
		{38E309C5-BA0D-42C1-A6BA-E4A082AF94C9}.Release|Any CPU.Build.0 = Release|Any CPU
		{56A8C17D-E84B-42B0-B7B2-C214FE12C0C4}.Debug|Any CPU.ActiveCfg = Debug|Any CPU
		{56A8C17D-E84B-42B0-B7B2-C214FE12C0C4}.Debug|Any CPU.Build.0 = Debug|Any CPU
		{56A8C17D-E84B-42B0-B7B2-C214FE12C0C4}.Release|Any CPU.ActiveCfg = Release|Any CPU
		{56A8C17D-E84B-42B0-B7B2-C214FE12C0C4}.Release|Any CPU.Build.0 = Release|Any CPU
		{C35827CD-AF72-4B9C-A9CE-79EB9D14CD83}.Debug|Any CPU.ActiveCfg = Debug|Any CPU
		{C35827CD-AF72-4B9C-A9CE-79EB9D14CD83}.Debug|Any CPU.Build.0 = Debug|Any CPU
		{C35827CD-AF72-4B9C-A9CE-79EB9D14CD83}.Release|Any CPU.ActiveCfg = Release|Any CPU
		{C35827CD-AF72-4B9C-A9CE-79EB9D14CD83}.Release|Any CPU.Build.0 = Release|Any CPU
		{288ED5B9-F2A4-4D10-80E1-C75EB5E60B95}.Debug|Any CPU.ActiveCfg = Debug|Any CPU
		{288ED5B9-F2A4-4D10-80E1-C75EB5E60B95}.Debug|Any CPU.Build.0 = Debug|Any CPU
		{288ED5B9-F2A4-4D10-80E1-C75EB5E60B95}.Release|Any CPU.ActiveCfg = Release|Any CPU
		{288ED5B9-F2A4-4D10-80E1-C75EB5E60B95}.Release|Any CPU.Build.0 = Release|Any CPU
		{FC40B275-CCB9-4FAF-A937-36C6114C3EA4}.Debug|Any CPU.ActiveCfg = Debug|Any CPU
		{FC40B275-CCB9-4FAF-A937-36C6114C3EA4}.Debug|Any CPU.Build.0 = Debug|Any CPU
		{FC40B275-CCB9-4FAF-A937-36C6114C3EA4}.Release|Any CPU.ActiveCfg = Release|Any CPU
		{FC40B275-CCB9-4FAF-A937-36C6114C3EA4}.Release|Any CPU.Build.0 = Release|Any CPU
		{20213EA4-A310-4818-BDCA-C0E0C06B10E2}.Debug|Any CPU.ActiveCfg = Debug|Any CPU
		{20213EA4-A310-4818-BDCA-C0E0C06B10E2}.Debug|Any CPU.Build.0 = Debug|Any CPU
		{20213EA4-A310-4818-BDCA-C0E0C06B10E2}.Release|Any CPU.ActiveCfg = Release|Any CPU
		{20213EA4-A310-4818-BDCA-C0E0C06B10E2}.Release|Any CPU.Build.0 = Release|Any CPU
	EndGlobalSection
	GlobalSection(SolutionProperties) = preSolution
		HideSolutionNode = FALSE
	EndGlobalSection
	GlobalSection(ExtensibilityGlobals) = postSolution
		SolutionGuid = {5068FAFB-F61C-49E9-AFC2-78C742E68981}
	EndGlobalSection
EndGlobal
